{
  "pins" : [
    {
      "identity" : "bhaptics-ios",
      "kind" : "remoteSourceControl",
      "location" : "https://github.com/bhaptics/bhaptics-ios.git",
      "state" : {
        "branch" : "main",
        "revision" : "265e10d6269781d4647322e99de9f18ec4294826"
      }
    }
  ],
  "version" : 2
}
